
Microsoft Visual Studio Solution File, Format Version 12.00
# Visual Studio 14
VisualStudioVersion = 14.0.23107.0
MinimumVisualStudioVersion = 10.0.40219.1
Project("{8BC9CEB8-8B4A-11D0-8D11-00A0C91BC942}") = "Leiftur.Native", "CppSynth\CppSynth.vcxproj", "{4AB3FB4C-2B24-40C8-8F48-28BCFD60AE81}"
EndProject
Project("{FAE04EC0-301F-11D3-BF4B-00C04F79EFBC}") = "CreateWavetables", "CreateWavetables\CreateWavetables.csproj", "{0E526DA3-24E4-46F8-B85F-93CBB15ACA38}"
EndProject
Project("{FAE04EC0-301F-11D3-BF4B-00C04F79EFBC}") = "LowProfile.Visuals", "..\..\Libraries\LowProfile.Common\LowProfile.Visuals\LowProfile.Visuals.csproj", "{4CD32A63-494F-4769-A07D-802F1E9945A7}"
EndProject
Project("{FAE04EC0-301F-11D3-BF4B-00C04F79EFBC}") = "LowProfile.Core", "..\..\Libraries\LowProfile.Common\LowProfile.Core\LowProfile.Core.csproj", "{6F6A3FB4-5E5F-4076-B91A-F8C7FE84E37C}"
EndProject
Project("{FAE04EC0-301F-11D3-BF4B-00C04F79EFBC}") = "LowProfile.Fourier", "..\FFT\LowProfile.Fourier\LowProfile.Fourier.csproj", "{937CCECF-3BF1-4ED2-B3A9-89157D8B0664}"
EndProject
Project("{FAE04EC0-301F-11D3-BF4B-00C04F79EFBC}") = "Leiftur.Plugin", "Leiftur.Plugin\Leiftur.Plugin.csproj", "{99C70666-72ED-4004-8119-7BCA1D18FC52}"
EndProject
Project("{FAE04EC0-301F-11D3-BF4B-00C04F79EFBC}") = "Leiftur.Tests", "Leiftur.Tests\Leiftur.Tests.csproj", "{9C0B7331-B39C-49C5-96A6-30EAD1EB0E0C}"
EndProject
Project("{FAE04EC0-301F-11D3-BF4B-00C04F79EFBC}") = "AudioLib", "..\AudioLib\AudioLib\AudioLib.csproj", "{4905489D-6F81-4129-8780-744CED5B3269}"
EndProject
Project("{FAE04EC0-301F-11D3-BF4B-00C04F79EFBC}") = "Leiftur.Ui", "Leiftur.Ui\Leiftur.Ui.csproj", "{A0E4E192-61B1-4136-A6C3-B165AB230F03}"
EndProject
Project("{FAE04EC0-301F-11D3-BF4B-00C04F79EFBC}") = "SharpOSC", "..\SharpOSC\SharpOSC\SharpOSC.csproj", "{9B922B0B-5595-4E05-8270-F63FAAA6C299}"
EndProject
Global
	GlobalSection(SolutionConfigurationPlatforms) = preSolution
		Debug|Any CPU = Debug|Any CPU
		Debug|x64 = Debug|x64
		Debug|x86 = Debug|x86
		Release|Any CPU = Release|Any CPU
		Release|x64 = Release|x64
		Release|x86 = Release|x86
	EndGlobalSection
	GlobalSection(ProjectConfigurationPlatforms) = postSolution
		{4AB3FB4C-2B24-40C8-8F48-28BCFD60AE81}.Debug|Any CPU.ActiveCfg = Debug|Win32
		{4AB3FB4C-2B24-40C8-8F48-28BCFD60AE81}.Debug|Any CPU.Build.0 = Debug|Win32
		{4AB3FB4C-2B24-40C8-8F48-28BCFD60AE81}.Debug|x64.ActiveCfg = Debug|x64
		{4AB3FB4C-2B24-40C8-8F48-28BCFD60AE81}.Debug|x64.Build.0 = Debug|x64
		{4AB3FB4C-2B24-40C8-8F48-28BCFD60AE81}.Debug|x86.ActiveCfg = Debug|Win32
		{4AB3FB4C-2B24-40C8-8F48-28BCFD60AE81}.Debug|x86.Build.0 = Debug|Win32
		{4AB3FB4C-2B24-40C8-8F48-28BCFD60AE81}.Release|Any CPU.ActiveCfg = Release|Win32
		{4AB3FB4C-2B24-40C8-8F48-28BCFD60AE81}.Release|x64.ActiveCfg = Release|x64
		{4AB3FB4C-2B24-40C8-8F48-28BCFD60AE81}.Release|x64.Build.0 = Release|x64
		{4AB3FB4C-2B24-40C8-8F48-28BCFD60AE81}.Release|x86.ActiveCfg = Release|Win32
		{4AB3FB4C-2B24-40C8-8F48-28BCFD60AE81}.Release|x86.Build.0 = Release|Win32
		{0E526DA3-24E4-46F8-B85F-93CBB15ACA38}.Debug|Any CPU.ActiveCfg = Debug|Any CPU
		{0E526DA3-24E4-46F8-B85F-93CBB15ACA38}.Debug|Any CPU.Build.0 = Debug|Any CPU
		{0E526DA3-24E4-46F8-B85F-93CBB15ACA38}.Debug|x64.ActiveCfg = Debug|Any CPU
		{0E526DA3-24E4-46F8-B85F-93CBB15ACA38}.Debug|x64.Build.0 = Debug|Any CPU
		{0E526DA3-24E4-46F8-B85F-93CBB15ACA38}.Debug|x86.ActiveCfg = Debug|Any CPU
		{0E526DA3-24E4-46F8-B85F-93CBB15ACA38}.Debug|x86.Build.0 = Debug|Any CPU
		{0E526DA3-24E4-46F8-B85F-93CBB15ACA38}.Release|Any CPU.ActiveCfg = Release|Any CPU
		{0E526DA3-24E4-46F8-B85F-93CBB15ACA38}.Release|Any CPU.Build.0 = Release|Any CPU
		{0E526DA3-24E4-46F8-B85F-93CBB15ACA38}.Release|x64.ActiveCfg = Release|Any CPU
		{0E526DA3-24E4-46F8-B85F-93CBB15ACA38}.Release|x64.Build.0 = Release|Any CPU
		{0E526DA3-24E4-46F8-B85F-93CBB15ACA38}.Release|x86.ActiveCfg = Release|Any CPU
		{0E526DA3-24E4-46F8-B85F-93CBB15ACA38}.Release|x86.Build.0 = Release|Any CPU
		{4CD32A63-494F-4769-A07D-802F1E9945A7}.Debug|Any CPU.ActiveCfg = Debug|Any CPU
		{4CD32A63-494F-4769-A07D-802F1E9945A7}.Debug|Any CPU.Build.0 = Debug|Any CPU
		{4CD32A63-494F-4769-A07D-802F1E9945A7}.Debug|x64.ActiveCfg = Debug|Any CPU
		{4CD32A63-494F-4769-A07D-802F1E9945A7}.Debug|x64.Build.0 = Debug|Any CPU
		{4CD32A63-494F-4769-A07D-802F1E9945A7}.Debug|x86.ActiveCfg = Debug|Any CPU
		{4CD32A63-494F-4769-A07D-802F1E9945A7}.Debug|x86.Build.0 = Debug|Any CPU
		{4CD32A63-494F-4769-A07D-802F1E9945A7}.Release|Any CPU.ActiveCfg = Release|Any CPU
		{4CD32A63-494F-4769-A07D-802F1E9945A7}.Release|Any CPU.Build.0 = Release|Any CPU
		{4CD32A63-494F-4769-A07D-802F1E9945A7}.Release|x64.ActiveCfg = Release|Any CPU
		{4CD32A63-494F-4769-A07D-802F1E9945A7}.Release|x64.Build.0 = Release|Any CPU
		{4CD32A63-494F-4769-A07D-802F1E9945A7}.Release|x86.ActiveCfg = Release|Any CPU
		{4CD32A63-494F-4769-A07D-802F1E9945A7}.Release|x86.Build.0 = Release|Any CPU
		{6F6A3FB4-5E5F-4076-B91A-F8C7FE84E37C}.Debug|Any CPU.ActiveCfg = Debug|Any CPU
		{6F6A3FB4-5E5F-4076-B91A-F8C7FE84E37C}.Debug|Any CPU.Build.0 = Debug|Any CPU
		{6F6A3FB4-5E5F-4076-B91A-F8C7FE84E37C}.Debug|x64.ActiveCfg = Debug|Any CPU
		{6F6A3FB4-5E5F-4076-B91A-F8C7FE84E37C}.Debug|x64.Build.0 = Debug|Any CPU
		{6F6A3FB4-5E5F-4076-B91A-F8C7FE84E37C}.Debug|x86.ActiveCfg = Debug|Any CPU
		{6F6A3FB4-5E5F-4076-B91A-F8C7FE84E37C}.Debug|x86.Build.0 = Debug|Any CPU
		{6F6A3FB4-5E5F-4076-B91A-F8C7FE84E37C}.Release|Any CPU.ActiveCfg = Release|Any CPU
		{6F6A3FB4-5E5F-4076-B91A-F8C7FE84E37C}.Release|Any CPU.Build.0 = Release|Any CPU
		{6F6A3FB4-5E5F-4076-B91A-F8C7FE84E37C}.Release|x64.ActiveCfg = Release|Any CPU
		{6F6A3FB4-5E5F-4076-B91A-F8C7FE84E37C}.Release|x64.Build.0 = Release|Any CPU
		{6F6A3FB4-5E5F-4076-B91A-F8C7FE84E37C}.Release|x86.ActiveCfg = Release|Any CPU
		{6F6A3FB4-5E5F-4076-B91A-F8C7FE84E37C}.Release|x86.Build.0 = Release|Any CPU
		{937CCECF-3BF1-4ED2-B3A9-89157D8B0664}.Debug|Any CPU.ActiveCfg = Debug|Any CPU
		{937CCECF-3BF1-4ED2-B3A9-89157D8B0664}.Debug|Any CPU.Build.0 = Debug|Any CPU
		{937CCECF-3BF1-4ED2-B3A9-89157D8B0664}.Debug|x64.ActiveCfg = Debug|Any CPU
		{937CCECF-3BF1-4ED2-B3A9-89157D8B0664}.Debug|x64.Build.0 = Debug|Any CPU
		{937CCECF-3BF1-4ED2-B3A9-89157D8B0664}.Debug|x86.ActiveCfg = Debug|Any CPU
		{937CCECF-3BF1-4ED2-B3A9-89157D8B0664}.Debug|x86.Build.0 = Debug|Any CPU
		{937CCECF-3BF1-4ED2-B3A9-89157D8B0664}.Release|Any CPU.ActiveCfg = Release|Any CPU
		{937CCECF-3BF1-4ED2-B3A9-89157D8B0664}.Release|Any CPU.Build.0 = Release|Any CPU
		{937CCECF-3BF1-4ED2-B3A9-89157D8B0664}.Release|x64.ActiveCfg = Release|Any CPU
		{937CCECF-3BF1-4ED2-B3A9-89157D8B0664}.Release|x64.Build.0 = Release|Any CPU
		{937CCECF-3BF1-4ED2-B3A9-89157D8B0664}.Release|x86.ActiveCfg = Release|Any CPU
		{937CCECF-3BF1-4ED2-B3A9-89157D8B0664}.Release|x86.Build.0 = Release|Any CPU
		{99C70666-72ED-4004-8119-7BCA1D18FC52}.Debug|Any CPU.ActiveCfg = Debug|Any CPU
		{99C70666-72ED-4004-8119-7BCA1D18FC52}.Debug|Any CPU.Build.0 = Debug|Any CPU
		{99C70666-72ED-4004-8119-7BCA1D18FC52}.Debug|x64.ActiveCfg = Debug|Any CPU
		{99C70666-72ED-4004-8119-7BCA1D18FC52}.Debug|x64.Build.0 = Debug|Any CPU
		{99C70666-72ED-4004-8119-7BCA1D18FC52}.Debug|x86.ActiveCfg = Debug|Any CPU
		{99C70666-72ED-4004-8119-7BCA1D18FC52}.Debug|x86.Build.0 = Debug|Any CPU
		{99C70666-72ED-4004-8119-7BCA1D18FC52}.Release|Any CPU.ActiveCfg = Release|Any CPU
		{99C70666-72ED-4004-8119-7BCA1D18FC52}.Release|Any CPU.Build.0 = Release|Any CPU
		{99C70666-72ED-4004-8119-7BCA1D18FC52}.Release|x64.ActiveCfg = Release|Any CPU
		{99C70666-72ED-4004-8119-7BCA1D18FC52}.Release|x64.Build.0 = Release|Any CPU
		{99C70666-72ED-4004-8119-7BCA1D18FC52}.Release|x86.ActiveCfg = Release|Any CPU
		{99C70666-72ED-4004-8119-7BCA1D18FC52}.Release|x86.Build.0 = Release|Any CPU
		{9C0B7331-B39C-49C5-96A6-30EAD1EB0E0C}.Debug|Any CPU.ActiveCfg = Debug|Any CPU
		{9C0B7331-B39C-49C5-96A6-30EAD1EB0E0C}.Debug|Any CPU.Build.0 = Debug|Any CPU
		{9C0B7331-B39C-49C5-96A6-30EAD1EB0E0C}.Debug|x64.ActiveCfg = Debug|Any CPU
		{9C0B7331-B39C-49C5-96A6-30EAD1EB0E0C}.Debug|x64.Build.0 = Debug|Any CPU
		{9C0B7331-B39C-49C5-96A6-30EAD1EB0E0C}.Debug|x86.ActiveCfg = Debug|Any CPU
		{9C0B7331-B39C-49C5-96A6-30EAD1EB0E0C}.Debug|x86.Build.0 = Debug|Any CPU
		{9C0B7331-B39C-49C5-96A6-30EAD1EB0E0C}.Release|Any CPU.ActiveCfg = Release|Any CPU
		{9C0B7331-B39C-49C5-96A6-30EAD1EB0E0C}.Release|Any CPU.Build.0 = Release|Any CPU
		{9C0B7331-B39C-49C5-96A6-30EAD1EB0E0C}.Release|x64.ActiveCfg = Release|Any CPU
		{9C0B7331-B39C-49C5-96A6-30EAD1EB0E0C}.Release|x64.Build.0 = Release|Any CPU
		{9C0B7331-B39C-49C5-96A6-30EAD1EB0E0C}.Release|x86.ActiveCfg = Release|Any CPU
		{9C0B7331-B39C-49C5-96A6-30EAD1EB0E0C}.Release|x86.Build.0 = Release|Any CPU
		{4905489D-6F81-4129-8780-744CED5B3269}.Debug|Any CPU.ActiveCfg = Debug|Any CPU
		{4905489D-6F81-4129-8780-744CED5B3269}.Debug|Any CPU.Build.0 = Debug|Any CPU
		{4905489D-6F81-4129-8780-744CED5B3269}.Debug|x64.ActiveCfg = Debug|x64
		{4905489D-6F81-4129-8780-744CED5B3269}.Debug|x64.Build.0 = Debug|x64
		{4905489D-6F81-4129-8780-744CED5B3269}.Debug|x86.ActiveCfg = Debug|x86
		{4905489D-6F81-4129-8780-744CED5B3269}.Debug|x86.Build.0 = Debug|x86
		{4905489D-6F81-4129-8780-744CED5B3269}.Release|Any CPU.ActiveCfg = Release|Any CPU
		{4905489D-6F81-4129-8780-744CED5B3269}.Release|Any CPU.Build.0 = Release|Any CPU
		{4905489D-6F81-4129-8780-744CED5B3269}.Release|x64.ActiveCfg = Release|x64
		{4905489D-6F81-4129-8780-744CED5B3269}.Release|x64.Build.0 = Release|x64
		{4905489D-6F81-4129-8780-744CED5B3269}.Release|x86.ActiveCfg = Release|x86
		{4905489D-6F81-4129-8780-744CED5B3269}.Release|x86.Build.0 = Release|x86
		{A0E4E192-61B1-4136-A6C3-B165AB230F03}.Debug|Any CPU.ActiveCfg = Debug|Any CPU
		{A0E4E192-61B1-4136-A6C3-B165AB230F03}.Debug|Any CPU.Build.0 = Debug|Any CPU
		{A0E4E192-61B1-4136-A6C3-B165AB230F03}.Debug|x64.ActiveCfg = Debug|Any CPU
		{A0E4E192-61B1-4136-A6C3-B165AB230F03}.Debug|x64.Build.0 = Debug|Any CPU
		{A0E4E192-61B1-4136-A6C3-B165AB230F03}.Debug|x86.ActiveCfg = Debug|Any CPU
		{A0E4E192-61B1-4136-A6C3-B165AB230F03}.Debug|x86.Build.0 = Debug|Any CPU
		{A0E4E192-61B1-4136-A6C3-B165AB230F03}.Release|Any CPU.ActiveCfg = Release|Any CPU
		{A0E4E192-61B1-4136-A6C3-B165AB230F03}.Release|Any CPU.Build.0 = Release|Any CPU
		{A0E4E192-61B1-4136-A6C3-B165AB230F03}.Release|x64.ActiveCfg = Release|Any CPU
		{A0E4E192-61B1-4136-A6C3-B165AB230F03}.Release|x64.Build.0 = Release|Any CPU
		{A0E4E192-61B1-4136-A6C3-B165AB230F03}.Release|x86.ActiveCfg = Release|Any CPU
		{A0E4E192-61B1-4136-A6C3-B165AB230F03}.Release|x86.Build.0 = Release|Any CPU
		{9B922B0B-5595-4E05-8270-F63FAAA6C299}.Debug|Any CPU.ActiveCfg = Debug|Any CPU
		{9B922B0B-5595-4E05-8270-F63FAAA6C299}.Debug|Any CPU.Build.0 = Debug|Any CPU
		{9B922B0B-5595-4E05-8270-F63FAAA6C299}.Debug|x64.ActiveCfg = Debug|Any CPU
		{9B922B0B-5595-4E05-8270-F63FAAA6C299}.Debug|x64.Build.0 = Debug|Any CPU
		{9B922B0B-5595-4E05-8270-F63FAAA6C299}.Debug|x86.ActiveCfg = Debug|Any CPU
		{9B922B0B-5595-4E05-8270-F63FAAA6C299}.Debug|x86.Build.0 = Debug|Any CPU
		{9B922B0B-5595-4E05-8270-F63FAAA6C299}.Release|Any CPU.ActiveCfg = Release|Any CPU
		{9B922B0B-5595-4E05-8270-F63FAAA6C299}.Release|Any CPU.Build.0 = Release|Any CPU
		{9B922B0B-5595-4E05-8270-F63FAAA6C299}.Release|x64.ActiveCfg = Release|Any CPU
		{9B922B0B-5595-4E05-8270-F63FAAA6C299}.Release|x64.Build.0 = Release|Any CPU
		{9B922B0B-5595-4E05-8270-F63FAAA6C299}.Release|x86.ActiveCfg = Release|Any CPU
		{9B922B0B-5595-4E05-8270-F63FAAA6C299}.Release|x86.Build.0 = Release|Any CPU
	EndGlobalSection
	GlobalSection(SolutionProperties) = preSolution
		HideSolutionNode = FALSE
	EndGlobalSection
EndGlobal
