<?xml version="1.0" encoding="utf-8"?>
<Project ToolsVersion="4.0" xmlns="http://schemas.microsoft.com/developer/msbuild/2003">
  <ItemGroup>
    <Filter Include="Source Files">
      <UniqueIdentifier>{4FC737F1-C7A5-4376-A066-2A32D752A2FF}</UniqueIdentifier>
      <Extensions>cpp;c;cc;cxx;def;odl;idl;hpj;bat;asm;asmx</Extensions>
    </Filter>
    <Filter Include="Resource Files">
      <UniqueIdentifier>{67DA6AB6-F800-4c08-8B7A-83BB121AAD01}</UniqueIdentifier>
      <Extensions>rc;ico;cur;bmp;dlg;rc2;rct;bin;rgs;gif;jpg;jpeg;jpe;resx;tiff;tif;png;wav;mfcribbon-ms</Extensions>
    </Filter>
    <Filter Include="Source Files\AudioLib">
      <UniqueIdentifier>{d3ba0124-c1cb-4f9f-a3ae-a1bbfaee1224}</UniqueIdentifier>
    </Filter>
    <Filter Include="Source Files\Fft">
      <UniqueIdentifier>{8bab6923-9242-4640-b57a-20b7fcca31b5}</UniqueIdentifier>
    </Filter>
    <Filter Include="Source Files\Osc">
      <UniqueIdentifier>{9e2c75b4-aab5-4937-a721-2bb249a1ce58}</UniqueIdentifier>
    </Filter>
    <Filter Include="Source Files\UnitTests">
      <UniqueIdentifier>{dc0ae39f-0483-4904-b30f-93083c8d55d5}</UniqueIdentifier>
    </Filter>
  </ItemGroup>
  <ItemGroup>
    <ClInclude Include="Default.h">
      <Filter>Source Files</Filter>
    </ClInclude>
    <ClInclude Include="Oscillator.h">
      <Filter>Source Files</Filter>
    </ClInclude>
    <ClInclude Include="Synth.h">
      <Filter>Source Files</Filter>
    </ClInclude>
    <ClInclude Include="AudioLib\ValueTables.h">
      <Filter>Source Files\AudioLib</Filter>
    </ClInclude>
    <ClInclude Include="AudioLib\Utils.h">
      <Filter>Source Files\AudioLib</Filter>
    </ClInclude>
    <ClInclude Include="Voice.h">
      <Filter>Source Files</Filter>
    </ClInclude>
    <ClInclude Include="Fft\BitReverse.h">
      <Filter>Source Files\Fft</Filter>
    </ClInclude>
    <ClInclude Include="Fft\Complex.h">
      <Filter>Source Files\Fft</Filter>
    </ClInclude>
    <ClInclude Include="Fft\FastFFT.h">
      <Filter>Source Files\Fft</Filter>
    </ClInclude>
    <ClInclude Include="Fft\TwiddleFactors.h">
      <Filter>Source Files\Fft</Filter>
    </ClInclude>
    <ClInclude Include="Osc\OscMessage.h">
      <Filter>Source Files\Osc</Filter>
    </ClInclude>
    <ClInclude Include="Osc\UdpTranceiver.h">
      <Filter>Source Files\Osc</Filter>
    </ClInclude>
    <ClInclude Include="UnitTests\OscTests.h">
      <Filter>Source Files\UnitTests</Filter>
    </ClInclude>
    <ClInclude Include="Parameters.h">
      <Filter>Source Files</Filter>
    </ClInclude>
    <ClInclude Include="FilterCascade.h">
      <Filter>Source Files</Filter>
    </ClInclude>
    <ClInclude Include="FilterMain.h">
      <Filter>Source Files</Filter>
    </ClInclude>
    <ClInclude Include="AudioLib\Biquad.h">
      <Filter>Source Files\AudioLib</Filter>
    </ClInclude>
    <ClInclude Include="FilterHp.h">
      <Filter>Source Files</Filter>
    </ClInclude>
    <ClInclude Include="Envelope.h">
      <Filter>Source Files</Filter>
    </ClInclude>
    <ClInclude Include="Vca.h">
      <Filter>Source Files</Filter>
    </ClInclude>
    <ClInclude Include="ModMatrix.h">
      <Filter>Source Files</Filter>
    </ClInclude>
    <ClInclude Include="ModSourceDest.h">
      <Filter>Source Files</Filter>
    </ClInclude>
    <ClInclude Include="MixerSettings.h">
      <Filter>Source Files</Filter>
    </ClInclude>
    <ClInclude Include="AudioLib\Noise.h">
      <Filter>Source Files\AudioLib</Filter>
    </ClInclude>
    <ClInclude Include="AudioLib\FastSin.h">
      <Filter>Source Files\AudioLib</Filter>
    </ClInclude>
    <ClInclude Include="PlatformSpecific.h">
      <Filter>Source Files</Filter>
    </ClInclude>
    <ClInclude Include="PresetManager.h">
      <Filter>Source Files</Filter>
    </ClInclude>
    <ClInclude Include="Utils.h">
      <Filter>Source Files</Filter>
    </ClInclude>
    <ClInclude Include="WavetableManager.h">
      <Filter>Source Files</Filter>
    </ClInclude>
    <ClInclude Include="AudioLib\WaveFile.h">
      <Filter>Source Files\AudioLib</Filter>
    </ClInclude>
    <ClInclude Include="UnitTests\WaveTests.h">
      <Filter>Source Files\UnitTests</Filter>
    </ClInclude>
    <ClInclude Include="Character.h">
      <Filter>Source Files</Filter>
    </ClInclude>
    <ClInclude Include="CvFreq.h">
      <Filter>Source Files</Filter>
    </ClInclude>
    <ClInclude Include="VoiceAllocator.h">
      <Filter>Source Files</Filter>
    </ClInclude>
    <ClInclude Include="SynthDefines.h">
      <Filter>Source Files</Filter>
    </ClInclude>
    <ClInclude Include="Delay.h">
      <Filter>Source Files</Filter>
    </ClInclude>
    <ClInclude Include="AudioLib\OnePoleFilters.h">
      <Filter>Source Files\AudioLib</Filter>
    </ClInclude>
    <ClInclude Include="AllpassDiffuser.h">
      <Filter>Source Files</Filter>
    </ClInclude>
    <ClInclude Include="AudioLib\LcgRandom.h">
      <Filter>Source Files\AudioLib</Filter>
    </ClInclude>
    <ClInclude Include="Modulator.h">
      <Filter>Source Files</Filter>
    </ClInclude>
    <ClInclude Include="AudioLib\Decimator.h">
      <Filter>Source Files\AudioLib</Filter>
    </ClInclude>
    <ClInclude Include="NoiseSimple.h">
      <Filter>Source Files</Filter>
    </ClInclude>
    <ClInclude Include="AudioLib\MathDefs.h">
      <Filter>Source Files\AudioLib</Filter>
    </ClInclude>
    <ClInclude Include="FilterCascadeZero.h">
      <Filter>Source Files</Filter>
    </ClInclude>
    <ClInclude Include="ParameterFormatters.h">
      <Filter>Source Files</Filter>
    </ClInclude>
    <ClInclude Include="Drive.h">
      <Filter>Source Files</Filter>
    </ClInclude>
    <ClInclude Include="FilterInternalMode.h">
      <Filter>Source Files</Filter>
    </ClInclude>
    <ClInclude Include="AudioLib\SvfFilter.h">
      <Filter>Source Files\AudioLib</Filter>
    </ClInclude>
    <ClInclude Include="FilterDualSvf.h">
      <Filter>Source Files</Filter>
    </ClInclude>
  </ItemGroup>
  <ItemGroup>
    <ClCompile Include="Synth.cpp">
      <Filter>Source Files</Filter>
    </ClCompile>
    <ClCompile Include="AudioLib\ValueTables.cpp">
      <Filter>Source Files\AudioLib</Filter>
    </ClCompile>
    <ClCompile Include="AudioLib\Utils.cpp">
      <Filter>Source Files\AudioLib</Filter>
    </ClCompile>
    <ClCompile Include="Voice.cpp">
      <Filter>Source Files</Filter>
    </ClCompile>
    <ClCompile Include="Oscillator.cpp">
      <Filter>Source Files</Filter>
    </ClCompile>
    <ClCompile Include="Exports.cpp">
      <Filter>Source Files</Filter>
    </ClCompile>
    <ClCompile Include="Fft\BitReverse.cpp">
      <Filter>Source Files\Fft</Filter>
    </ClCompile>
    <ClCompile Include="Osc\OscMessage.cpp">
      <Filter>Source Files\Osc</Filter>
    </ClCompile>
    <ClCompile Include="Osc\UdpTranceiver.cpp">
      <Filter>Source Files\Osc</Filter>
    </ClCompile>
    <ClCompile Include="UnitTests\UnitTests.cpp">
      <Filter>Source Files\UnitTests</Filter>
    </ClCompile>
    <ClCompile Include="UnitTests\OscTests.cpp">
      <Filter>Source Files\UnitTests</Filter>
    </ClCompile>
    <ClCompile Include="Parameters.cpp">
      <Filter>Source Files</Filter>
    </ClCompile>
    <ClCompile Include="FilterCascade.cpp">
      <Filter>Source Files</Filter>
    </ClCompile>
    <ClCompile Include="FilterMain.cpp">
      <Filter>Source Files</Filter>
    </ClCompile>
    <ClCompile Include="AudioLib\Biquad.cpp">
      <Filter>Source Files\AudioLib</Filter>
    </ClCompile>
    <ClCompile Include="FilterHp.cpp">
      <Filter>Source Files</Filter>
    </ClCompile>
    <ClCompile Include="Envelope.cpp">
      <Filter>Source Files</Filter>
    </ClCompile>
    <ClCompile Include="Vca.cpp">
      <Filter>Source Files</Filter>
    </ClCompile>
    <ClCompile Include="ModMatrix.cpp">
      <Filter>Source Files</Filter>
    </ClCompile>
    <ClCompile Include="VoiceParameterSetters.cpp">
      <Filter>Source Files</Filter>
    </ClCompile>
    <ClCompile Include="SynthParameters.cpp">
      <Filter>Source Files</Filter>
    </ClCompile>
    <ClCompile Include="AudioLib\Noise.cpp">
      <Filter>Source Files\AudioLib</Filter>
    </ClCompile>
    <ClCompile Include="AudioLib\FastSin.cpp">
      <Filter>Source Files\AudioLib</Filter>
    </ClCompile>
    <ClCompile Include="PlatformSpecific.cpp">
      <Filter>Source Files</Filter>
    </ClCompile>
    <ClCompile Include="PresetManager.cpp">
      <Filter>Source Files</Filter>
    </ClCompile>
    <ClCompile Include="WavetableManager.cpp">
      <Filter>Source Files</Filter>
    </ClCompile>
    <ClCompile Include="AudioLib\WaveFile.cpp">
      <Filter>Source Files\AudioLib</Filter>
    </ClCompile>
    <ClCompile Include="UnitTests\WaveTests.cpp">
      <Filter>Source Files\UnitTests</Filter>
    </ClCompile>
    <ClCompile Include="Character.cpp">
      <Filter>Source Files</Filter>
    </ClCompile>
    <ClCompile Include="CvFreq.cpp">
      <Filter>Source Files</Filter>
    </ClCompile>
    <ClCompile Include="VoiceAllocator.cpp">
      <Filter>Source Files</Filter>
    </ClCompile>
    <ClCompile Include="Delay.cpp">
      <Filter>Source Files</Filter>
    </ClCompile>
    <ClCompile Include="AllpassDiffuser.cpp">
      <Filter>Source Files</Filter>
    </ClCompile>
    <ClCompile Include="Modulator.cpp">
      <Filter>Source Files</Filter>
    </ClCompile>
    <ClCompile Include="AudioLib\Decimator.cpp">
      <Filter>Source Files\AudioLib</Filter>
    </ClCompile>
    <ClCompile Include="NoiseSimple.cpp">
      <Filter>Source Files</Filter>
    </ClCompile>
    <ClCompile Include="FilterCascadeZero.cpp">
      <Filter>Source Files</Filter>
    </ClCompile>
    <ClCompile Include="Drive.cpp">
      <Filter>Source Files</Filter>
    </ClCompile>
    <ClCompile Include="FilterDualSvf.cpp">
      <Filter>Source Files</Filter>
    </ClCompile>
  </ItemGroup>
</Project>